
Microsoft Visual Studio Solution File, Format Version 12.00
# Visual Studio Version 17
VisualStudioVersion = 17.10.35122.118
MinimumVisualStudioVersion = 10.0.40219.1
Project("{888888A0-9F3D-457C-B088-3A5042F75D52}") = "volumetracking", "volumetracking.pyproj", "{AB8150D8-5504-4F34-817E-7B95E89B9B94}"
EndProject
Global
	GlobalSection(SolutionConfigurationPlatforms) = preSolution
		Debug|Any CPU = Debug|Any CPU
		Release|Any CPU = Release|Any CPU
	EndGlobalSection
	GlobalSection(ProjectConfigurationPlatforms) = postSolution
		{AB8150D8-5504-4F34-817E-7B95E89B9B94}.Debug|Any CPU.ActiveCfg = Debug|Any CPU
		{AB8150D8-5504-4F34-817E-7B95E89B9B94}.Release|Any CPU.ActiveCfg = Release|Any CPU
	EndGlobalSection
	GlobalSection(SolutionProperties) = preSolution
		HideSolutionNode = FALSE
	EndGlobalSection
	GlobalSection(ExtensibilityGlobals) = postSolution
		SolutionGuid = {D78CAF46-0320-4F23-9A65-F6459C1BA35F}
	EndGlobalSection
EndGlobal
